
Microsoft Visual Studio Solution File, Format Version 12.00
# Visual Studio Version 16
VisualStudioVersion = 16.0.29418.71
MinimumVisualStudioVersion = 10.0.40219.1
Project("{FAE04EC0-301F-11D3-BF4B-00C04F79EFBC}") = "ConsoleApp1", "ConsoleApp1\ConsoleApp1.csproj", "{628DFF6B-A0F0-45FB-B06F-7F89A9842470}"
EndProject
Global
	GlobalSection(SolutionConfigurationPlatforms) = preSolution
		Debug|Any CPU = Debug|Any CPU
		Release|Any CPU = Release|Any CPU
	EndGlobalSection
	GlobalSection(ProjectConfigurationPlatforms) = postSolution
		{628DFF6B-A0F0-45FB-B06F-7F89A9842470}.Debug|Any CPU.ActiveCfg = Debug|Any CPU
		{628DFF6B-A0F0-45FB-B06F-7F89A9842470}.Debug|Any CPU.Build.0 = Debug|Any CPU
		{628DFF6B-A0F0-45FB-B06F-7F89A9842470}.Release|Any CPU.ActiveCfg = Release|Any CPU
		{628DFF6B-A0F0-45FB-B06F-7F89A9842470}.Release|Any CPU.Build.0 = Release|Any CPU
	EndGlobalSection
	GlobalSection(SolutionProperties) = preSolution
		HideSolutionNode = FALSE
	EndGlobalSection
	GlobalSection(ExtensibilityGlobals) = postSolution
		SolutionGuid = {81B03ACC-F0E5-4BF6-8274-17C8934DEFCF}
	EndGlobalSection
EndGlobal
